<?xml version="1.0" encoding="utf-8"?>
<Project ToolsVersion="4.0" xmlns="http://schemas.microsoft.com/developer/msbuild/2003">
  <ItemGroup>
    <ClCompile Include="stdafx.cpp" />
    <ClCompile Include="creatureeditor.cpp" />
    <ClCompile Include="view\3dview.cpp">
      <Filter>view</Filter>
    </ClCompile>
    <ClCompile Include="global.cpp" />
    <ClCompile Include="lib\jointrenderer.cpp">
      <Filter>lib</Filter>
    </ClCompile>
    <ClCompile Include="creature\creature.cpp">
      <Filter>creature</Filter>
    </ClCompile>
    <ClCompile Include="view\resourceview.cpp">
      <Filter>view</Filter>
    </ClCompile>
    <ClCompile Include="creature\pnode.cpp">
      <Filter>creature</Filter>
    </ClCompile>
    <ClCompile Include="creature\generator.cpp">
      <Filter>creature</Filter>
    </ClCompile>
    <ClCompile Include="creature\evc.cpp">
      <Filter>creature</Filter>
    </ClCompile>
    <ClCompile Include="view\simulationview.cpp">
      <Filter>view</Filter>
    </ClCompile>
    <ClCompile Include="view\genoview.cpp">
      <Filter>view</Filter>
    </ClCompile>
    <ClCompile Include="view\genoeditorview.cpp">
      <Filter>view</Filter>
    </ClCompile>
    <ClCompile Include="view\phenoeditorview.cpp">
      <Filter>view</Filter>
    </ClCompile>
    <ClCompile Include="lib\phenotypemanager.cpp">
      <Filter>lib</Filter>
    </ClCompile>
    <ClCompile Include="lib\genotypemanager.cpp">
      <Filter>lib</Filter>
    </ClCompile>
    <ClCompile Include="creature\gnode.cpp">
      <Filter>creature</Filter>
    </ClCompile>
    <ClCompile Include="creature\parser\GenotypeParser.cpp">
      <Filter>creature\parser</Filter>
    </ClCompile>
    <ClCompile Include="creature\parser\GenotypeScanner.cpp">
      <Filter>creature\parser</Filter>
    </ClCompile>
    <ClCompile Include="creature\glink.cpp">
      <Filter>creature</Filter>
    </ClCompile>
    <ClCompile Include="creature\muscleeffector.cpp">
      <Filter>creature</Filter>
    </ClCompile>
    <ClCompile Include="view\nnview.cpp">
      <Filter>view</Filter>
    </ClCompile>
    <ClCompile Include="lib\nnmanager.cpp">
      <Filter>lib</Filter>
    </ClCompile>
    <ClCompile Include="view\evolutionview.cpp">
      <Filter>view</Filter>
    </ClCompile>
    <ClCompile Include="lib\evolutionmanager.cpp">
      <Filter>lib</Filter>
    </ClCompile>
    <ClCompile Include="creature\genome.cpp">
      <Filter>creature</Filter>
    </ClCompile>
  </ItemGroup>
  <ItemGroup>
    <ClInclude Include="stdafx.h" />
    <ClInclude Include="view\3dview.h">
      <Filter>view</Filter>
    </ClInclude>
    <ClInclude Include="global.h" />
    <ClInclude Include="lib\jointrenderer.h">
      <Filter>lib</Filter>
    </ClInclude>
    <ClInclude Include="creature\creature.h">
      <Filter>creature</Filter>
    </ClInclude>
    <ClInclude Include="view\resourceview.h">
      <Filter>view</Filter>
    </ClInclude>
    <ClInclude Include="creature\pnode.h">
      <Filter>creature</Filter>
    </ClInclude>
    <ClInclude Include="creature\generator.h">
      <Filter>creature</Filter>
    </ClInclude>
    <ClInclude Include="creature\evc.h">
      <Filter>creature</Filter>
    </ClInclude>
    <ClInclude Include="view\simulationview.h">
      <Filter>view</Filter>
    </ClInclude>
    <ClInclude Include="view\genoview.h">
      <Filter>view</Filter>
    </ClInclude>
    <ClInclude Include="view\genoeditorview.h">
      <Filter>view</Filter>
    </ClInclude>
    <ClInclude Include="view\phenoeditorview.h">
      <Filter>view</Filter>
    </ClInclude>
    <ClInclude Include="lib\phenotypemanager.h">
      <Filter>lib</Filter>
    </ClInclude>
    <ClInclude Include="lib\genotypemanager.h">
      <Filter>lib</Filter>
    </ClInclude>
    <ClInclude Include="creature\gnode.h">
      <Filter>creature</Filter>
    </ClInclude>
    <ClInclude Include="creature\parser\GenotypeParser.h">
      <Filter>creature\parser</Filter>
    </ClInclude>
    <ClInclude Include="creature\parser\GenotypeScanner.h">
      <Filter>creature\parser</Filter>
    </ClInclude>
    <ClInclude Include="creature\glink.h">
      <Filter>creature</Filter>
    </ClInclude>
    <ClInclude Include="creature\genotype.h">
      <Filter>creature</Filter>
    </ClInclude>
    <ClInclude Include="creature\angularsensor.h">
      <Filter>creature</Filter>
    </ClInclude>
    <ClInclude Include="creature\sensor.h">
      <Filter>creature</Filter>
    </ClInclude>
    <ClInclude Include="creature\effector.h">
      <Filter>creature</Filter>
    </ClInclude>
    <ClInclude Include="creature\muscleeffector.h">
      <Filter>creature</Filter>
    </ClInclude>
    <ClInclude Include="creature\velocitysensor.h">
      <Filter>creature</Filter>
    </ClInclude>
    <ClInclude Include="creature\limitsensor.h">
      <Filter>creature</Filter>
    </ClInclude>
    <ClInclude Include="view\nnview.h">
      <Filter>view</Filter>
    </ClInclude>
    <ClInclude Include="lib\nnmanager.h">
      <Filter>lib</Filter>
    </ClInclude>
    <ClInclude Include="view\evolutionview.h">
      <Filter>view</Filter>
    </ClInclude>
    <ClInclude Include="lib\evolutionmanager.h">
      <Filter>lib</Filter>
    </ClInclude>
    <ClInclude Include="creature\accelsensor.h">
      <Filter>creature</Filter>
    </ClInclude>
    <ClInclude Include="creature\genome.h">
      <Filter>creature</Filter>
    </ClInclude>
  </ItemGroup>
  <ItemGroup>
    <Filter Include="view">
      <UniqueIdentifier>{2f62e65b-78a3-4d51-b1d3-92ed6cea78ec}</UniqueIdentifier>
    </Filter>
    <Filter Include="lib">
      <UniqueIdentifier>{18e9b801-76f2-4ac6-9bb7-1316890e1a25}</UniqueIdentifier>
    </Filter>
    <Filter Include="creature">
      <UniqueIdentifier>{151fd2b2-b7d5-477b-a0af-ea30ed31a495}</UniqueIdentifier>
    </Filter>
    <Filter Include="creature\parser">
      <UniqueIdentifier>{407b2618-24ab-494b-81c1-093fcb6639cf}</UniqueIdentifier>
    </Filter>
  </ItemGroup>
</Project>